PODS:
  - changers-ios-sdk (1.0.5)

DEPENDENCIES:
  - changers-ios-sdk (from `https://github.com/Changers/changers-ios-sdk.git`)

EXTERNAL SOURCES:
  changers-ios-sdk:
    :git: https://github.com/Changers/changers-ios-sdk.git

CHECKOUT OPTIONS:
  changers-ios-sdk:
    :commit: 7b87ba8e699cf79336af4bacd078c19e9d02e8da
    :git: https://github.com/Changers/changers-ios-sdk.git

SPEC CHECKSUMS:
  changers-ios-sdk: 51bbbd7dd0f555ca70d05ea35375fe05ef33f5ce

PODFILE CHECKSUM: 2be859f83593d8c9e5bf4b2f8b21fa5c19a4a1c6

COCOAPODS: 1.10.0.rc.1
